
Microsoft Visual Studio Solution File, Format Version 12.00
# Visual Studio Version 16
VisualStudioVersion = 16.0.29409.12
MinimumVisualStudioVersion = 10.0.40219.1
Project("{9A19103F-16F7-4668-BE54-9A1E7A4F7556}") = "Client", "Client\Client.csproj", "{AED02422-4B90-499B-88B6-ECD06F82086A}"
EndProject
Global
	GlobalSection(SolutionConfigurationPlatforms) = preSolution
		Debug|Any CPU = Debug|Any CPU
		Release|Any CPU = Release|Any CPU
	EndGlobalSection
	GlobalSection(ProjectConfigurationPlatforms) = postSolution
		{AED02422-4B90-499B-88B6-ECD06F82086A}.Debug|Any CPU.ActiveCfg = Debug|Any CPU
		{AED02422-4B90-499B-88B6-ECD06F82086A}.Debug|Any CPU.Build.0 = Debug|Any CPU
		{AED02422-4B90-499B-88B6-ECD06F82086A}.Release|Any CPU.ActiveCfg = Release|Any CPU
		{AED02422-4B90-499B-88B6-ECD06F82086A}.Release|Any CPU.Build.0 = Release|Any CPU
	EndGlobalSection
	GlobalSection(SolutionProperties) = preSolution
		HideSolutionNode = FALSE
	EndGlobalSection
	GlobalSection(ExtensibilityGlobals) = postSolution
		SolutionGuid = {1690EFD3-773B-48DF-A767-825034BF6A33}
	EndGlobalSection
EndGlobal
